
Microsoft Visual Studio Solution File, Format Version 12.00
# Visual Studio Version 16
VisualStudioVersion = 16.0.31911.196
MinimumVisualStudioVersion = 10.0.40219.1
Project("{9A19103F-16F7-4668-BE54-9A1E7A4F7556}") = "NotizBuch", "NotizBuch\NotizBuch.csproj", "{C94B8EE0-0F44-4371-94B8-37D3F8237505}"
EndProject
Project("{FAE04EC0-301F-11D3-BF4B-00C04F79EFBC}") = "NotizBuchClient", "NotizBuchClient\NotizBuchClient.csproj", "{7514DE32-B483-471E-832F-BEF7E628A69E}"
EndProject
Global
	GlobalSection(SolutionConfigurationPlatforms) = preSolution
		Debug|Any CPU = Debug|Any CPU
		Release|Any CPU = Release|Any CPU
	EndGlobalSection
	GlobalSection(ProjectConfigurationPlatforms) = postSolution
		{C94B8EE0-0F44-4371-94B8-37D3F8237505}.Debug|Any CPU.ActiveCfg = Debug|Any CPU
		{C94B8EE0-0F44-4371-94B8-37D3F8237505}.Debug|Any CPU.Build.0 = Debug|Any CPU
		{C94B8EE0-0F44-4371-94B8-37D3F8237505}.Release|Any CPU.ActiveCfg = Release|Any CPU
		{C94B8EE0-0F44-4371-94B8-37D3F8237505}.Release|Any CPU.Build.0 = Release|Any CPU
		{7514DE32-B483-471E-832F-BEF7E628A69E}.Debug|Any CPU.ActiveCfg = Debug|Any CPU
		{7514DE32-B483-471E-832F-BEF7E628A69E}.Debug|Any CPU.Build.0 = Debug|Any CPU
		{7514DE32-B483-471E-832F-BEF7E628A69E}.Release|Any CPU.ActiveCfg = Release|Any CPU
		{7514DE32-B483-471E-832F-BEF7E628A69E}.Release|Any CPU.Build.0 = Release|Any CPU
	EndGlobalSection
	GlobalSection(SolutionProperties) = preSolution
		HideSolutionNode = FALSE
	EndGlobalSection
	GlobalSection(ExtensibilityGlobals) = postSolution
		SolutionGuid = {C446B4CC-F5BB-4F11-A87A-9FEFA44EF2C7}
	EndGlobalSection
EndGlobal
